
Microsoft Visual Studio Solution File, Format Version 12.00
# Visual Studio Version 17
VisualStudioVersion = 17.5.33516.290
MinimumVisualStudioVersion = 10.0.40219.1
Project("{FAE04EC0-301F-11D3-BF4B-00C04F79EFBC}") = "13-04-23", "13-04-23\13-04-23.csproj", "{8B30D5D7-E609-41B4-8243-F36CFF6CFF57}"
EndProject
Global
	GlobalSection(SolutionConfigurationPlatforms) = preSolution
		Debug|Any CPU = Debug|Any CPU
		Release|Any CPU = Release|Any CPU
	EndGlobalSection
	GlobalSection(ProjectConfigurationPlatforms) = postSolution
		{8B30D5D7-E609-41B4-8243-F36CFF6CFF57}.Debug|Any CPU.ActiveCfg = Debug|Any CPU
		{8B30D5D7-E609-41B4-8243-F36CFF6CFF57}.Debug|Any CPU.Build.0 = Debug|Any CPU
		{8B30D5D7-E609-41B4-8243-F36CFF6CFF57}.Release|Any CPU.ActiveCfg = Release|Any CPU
		{8B30D5D7-E609-41B4-8243-F36CFF6CFF57}.Release|Any CPU.Build.0 = Release|Any CPU
	EndGlobalSection
	GlobalSection(SolutionProperties) = preSolution
		HideSolutionNode = FALSE
	EndGlobalSection
	GlobalSection(ExtensibilityGlobals) = postSolution
		SolutionGuid = {0B076621-0A89-472A-B2A0-6F2F17DEF728}
	EndGlobalSection
EndGlobal
